
Microsoft Visual Studio Solution File, Format Version 12.00
# Visual Studio Version 17
VisualStudioVersion = 17.3.32819.101
MinimumVisualStudioVersion = 10.0.40219.1
Project("{9A19103F-16F7-4668-BE54-9A1E7A4F7556}") = "RedisResponseCache", "RedisResponseCache\RedisResponseCache.csproj", "{EB7E73FE-103C-4AEC-9C94-1F26127E1448}"
EndProject
Project("{2150E333-8FDC-42A3-9474-1A3956D46DE8}") = "Solution Items", "Solution Items", "{D1B33A00-CE89-4C53-8557-749B20B31D69}"
	ProjectSection(SolutionItems) = preProject
		Nuget.config = Nuget.config
		Readme.md = Readme.md
	EndProjectSection
EndProject
Global
	GlobalSection(SolutionConfigurationPlatforms) = preSolution
		Debug|Any CPU = Debug|Any CPU
		Release|Any CPU = Release|Any CPU
	EndGlobalSection
	GlobalSection(ProjectConfigurationPlatforms) = postSolution
		{EB7E73FE-103C-4AEC-9C94-1F26127E1448}.Debug|Any CPU.ActiveCfg = Debug|Any CPU
		{EB7E73FE-103C-4AEC-9C94-1F26127E1448}.Debug|Any CPU.Build.0 = Debug|Any CPU
		{EB7E73FE-103C-4AEC-9C94-1F26127E1448}.Release|Any CPU.ActiveCfg = Release|Any CPU
		{EB7E73FE-103C-4AEC-9C94-1F26127E1448}.Release|Any CPU.Build.0 = Release|Any CPU
	EndGlobalSection
	GlobalSection(SolutionProperties) = preSolution
		HideSolutionNode = FALSE
	EndGlobalSection
	GlobalSection(ExtensibilityGlobals) = postSolution
		SolutionGuid = {9CD59DF0-DF20-4A58-837B-5F2CF1DC83B0}
	EndGlobalSection
EndGlobal
